
Microsoft Visual Studio Solution File, Format Version 12.00
# Visual Studio Express 14 for Web
VisualStudioVersion = 14.0.25420.1
MinimumVisualStudioVersion = 10.0.40219.1
Project("{FAE04EC0-301F-11D3-BF4B-00C04F79EFBC}") = "NetWebApp", "NetWebApp\NetWebApp.csproj", "{6171CE80-276F-483B-8F36-80E8013E7B67}"
EndProject
Project("{FAE04EC0-301F-11D3-BF4B-00C04F79EFBC}") = "DataAccess", "DataAccess\DataAccess.csproj", "{F5DA955E-DA90-4574-8635-B16BD0D7CEA0}"
EndProject
Project("{FAE04EC0-301F-11D3-BF4B-00C04F79EFBC}") = "BLL", "BLL\BLL.csproj", "{AE89475C-2D0C-4021-9FB2-0E06373C7777}"
EndProject
Project("{FAE04EC0-301F-11D3-BF4B-00C04F79EFBC}") = "BLL.UnitTest", "BLL.UnitTest\BLL.UnitTest.csproj", "{DEF3D838-AB71-471D-9091-F0E10D7CA53C}"
EndProject
Global
	GlobalSection(SolutionConfigurationPlatforms) = preSolution
		Debug|Any CPU = Debug|Any CPU
		Release|Any CPU = Release|Any CPU
	EndGlobalSection
	GlobalSection(ProjectConfigurationPlatforms) = postSolution
		{6171CE80-276F-483B-8F36-80E8013E7B67}.Debug|Any CPU.ActiveCfg = Debug|Any CPU
		{6171CE80-276F-483B-8F36-80E8013E7B67}.Debug|Any CPU.Build.0 = Debug|Any CPU
		{6171CE80-276F-483B-8F36-80E8013E7B67}.Release|Any CPU.ActiveCfg = Release|Any CPU
		{6171CE80-276F-483B-8F36-80E8013E7B67}.Release|Any CPU.Build.0 = Release|Any CPU
		{F5DA955E-DA90-4574-8635-B16BD0D7CEA0}.Debug|Any CPU.ActiveCfg = Debug|Any CPU
		{F5DA955E-DA90-4574-8635-B16BD0D7CEA0}.Debug|Any CPU.Build.0 = Debug|Any CPU
		{F5DA955E-DA90-4574-8635-B16BD0D7CEA0}.Release|Any CPU.ActiveCfg = Release|Any CPU
		{F5DA955E-DA90-4574-8635-B16BD0D7CEA0}.Release|Any CPU.Build.0 = Release|Any CPU
		{AE89475C-2D0C-4021-9FB2-0E06373C7777}.Debug|Any CPU.ActiveCfg = Debug|Any CPU
		{AE89475C-2D0C-4021-9FB2-0E06373C7777}.Debug|Any CPU.Build.0 = Debug|Any CPU
		{AE89475C-2D0C-4021-9FB2-0E06373C7777}.Release|Any CPU.ActiveCfg = Release|Any CPU
		{AE89475C-2D0C-4021-9FB2-0E06373C7777}.Release|Any CPU.Build.0 = Release|Any CPU
		{DEF3D838-AB71-471D-9091-F0E10D7CA53C}.Debug|Any CPU.ActiveCfg = Debug|Any CPU
		{DEF3D838-AB71-471D-9091-F0E10D7CA53C}.Debug|Any CPU.Build.0 = Debug|Any CPU
		{DEF3D838-AB71-471D-9091-F0E10D7CA53C}.Release|Any CPU.ActiveCfg = Release|Any CPU
		{DEF3D838-AB71-471D-9091-F0E10D7CA53C}.Release|Any CPU.Build.0 = Release|Any CPU
	EndGlobalSection
	GlobalSection(SolutionProperties) = preSolution
		HideSolutionNode = FALSE
	EndGlobalSection
EndGlobal
